{
    "_meta": {
        "hash": {
            "sha256": "fc5df540224e5b9b7ba706c61d192d9a4a469f253f625eaae797fcd476792871"
        },
        "pipfile-spec": 6,
        "requires": {
            "python_version": "3.9"
        },
        "sources": [
            {
                "name": "pypi",
                "url": "https://pypi.python.org/simple",
                "verify_ssl": true
            }
        ]
    },
    "default": {},
    "develop": {
        "attrs": {
            "hashes": [
                "sha256:1f28b4522cdc2fb4256ac1a020c78acf9cba2c6b461ccd2c126f3aa8e8335d04",
                "sha256:6279836d581513a26f1bf235f9acd333bc9115683f14f7e8fae46c98fc50e015"
            ],
            "markers": "python_version >= '3.7'",
            "version": "==23.1.0"
        },
        "boto3": {
            "hashes": [
                "sha256:6ff9a5b815e106656596064d51c9b6ba97a307807baa5f89634384b7d3f7ecc6",
                "sha256:bd7c760afb195eaeaab907dc6b2c21fa64ddbba3fed4a869e80d820ddbd6cc70"
            ],
            "markers": "python_version >= '3.7'",
            "version": "==1.28.40"
        },
        "botocore": {
            "hashes": [
                "sha256:ce22a82ef8674f49691477d09558992cc87e7331f65c6a5b0da897ab192240ca",
                "sha256:df766969f0d9ef9eda1a9c9946e0e173c10199f37a9e4c92861f11ddb5c9e702"
            ],
            "markers": "python_version >= '3.7'",
            "version": "==1.31.40"
        },
        "cached-property": {
            "hashes": [
                "sha256:9fa5755838eecbb2d234c3aa390bd80fbd3ac6b6869109bfc1b499f7bd89a130",
                "sha256:df4f613cf7ad9a588cc381aaf4a512d26265ecebd5eb9e1ba12f1319eb85a6a0"
            ],
            "version": "==1.5.2"
        },
        "certifi": {
            "hashes": [
                "sha256:539cc1d13202e33ca466e88b2807e29f4c13049d6d87031a3c110744495cb082",
                "sha256:92d6037539857d8206b8f6ae472e8b77db8058fec5937a1ef3f54304089edbb9"
            ],
            "index": "pypi",
            "version": "==2023.7.22"
        },
        "chardet": {
            "hashes": [
                "sha256:1b3b6ff479a8c414bc3fa2c0852995695c4a026dcd6d0633b2dd092ca39c1cf7",
                "sha256:e1cf59446890a00105fe7b7912492ea04b6e6f06d4b742b2c788469e34c82970"
            ],
            "markers": "python_version >= '3.7'",
            "version": "==5.2.0"
        },
        "charset-normalizer": {
            "hashes": [
                "sha256:04e57ab9fbf9607b77f7d057974694b4f6b142da9ed4a199859d9d4d5c63fe96",
                "sha256:09393e1b2a9461950b1c9a45d5fd251dc7c6f228acab64da1c9c0165d9c7765c",
                "sha256:0b87549028f680ca955556e3bd57013ab47474c3124dc069faa0b6545b6c9710",
                "sha256:1000fba1057b92a65daec275aec30586c3de2401ccdcd41f8a5c1e2c87078706",
                "sha256:1249cbbf3d3b04902ff081ffbb33ce3377fa6e4c7356f759f3cd076cc138d020",
                "sha256:1920d4ff15ce893210c1f0c0e9d19bfbecb7983c76b33f046c13a8ffbd570252",
                "sha256:193cbc708ea3aca45e7221ae58f0fd63f933753a9bfb498a3b474878f12caaad",
                "sha256:1a100c6d595a7f316f1b6f01d20815d916e75ff98c27a01ae817439ea7726329",
                "sha256:1f30b48dd7fa1474554b0b0f3fdfdd4c13b5c737a3c6284d3cdc424ec0ffff3a",
                "sha256:203f0c8871d5a7987be20c72442488a0b8cfd0f43b7973771640fc593f56321f",
                "sha256:246de67b99b6851627d945db38147d1b209a899311b1305dd84916f2b88526c6",
                "sha256:2dee8e57f052ef5353cf608e0b4c871aee320dd1b87d351c28764fc0ca55f9f4",
                "sha256:2efb1bd13885392adfda4614c33d3b68dee4921fd0ac1d3988f8cbb7d589e72a",
                "sha256:2f4ac36d8e2b4cc1aa71df3dd84ff8efbe3bfb97ac41242fbcfc053c67434f46",
                "sha256:3170c9399da12c9dc66366e9d14da8bf7147e1e9d9ea566067bbce7bb74bd9c2",
                "sha256:3b1613dd5aee995ec6d4c69f00378bbd07614702a315a2cf6c1d21461fe17c23",
                "sha256:3bb3d25a8e6c0aedd251753a79ae98a093c7e7b471faa3aa9a93a81431987ace",
                "sha256:3bb7fda7260735efe66d5107fb7e6af6a7c04c7fce9b2514e04b7a74b06bf5dd",
                "sha256:41b25eaa7d15909cf3ac4c96088c1f266a9a93ec44f87f1d13d4a0e86c81b982",
                "sha256:45de3f87179c1823e6d9e32156fb14c1927fcc9aba21433f088fdfb555b77c10",
                "sha256:46fb8c61d794b78ec7134a715a3e564aafc8f6b5e338417cb19fe9f57a5a9bf2",
                "sha256:48021783bdf96e3d6de03a6e39a1171ed5bd7e8bb93fc84cc649d11490f87cea",
                "sha256:4957669ef390f0e6719db3613ab3a7631e68424604a7b448f079bee145da6e09",
                "sha256:5e86d77b090dbddbe78867a0275cb4df08ea195e660f1f7f13435a4649e954e5",
                "sha256:6339d047dab2780cc6220f46306628e04d9750f02f983ddb37439ca47ced7149",
                "sha256:681eb3d7e02e3c3655d1b16059fbfb605ac464c834a0c629048a30fad2b27489",
                "sha256:6c409c0deba34f147f77efaa67b8e4bb83d2f11c8806405f76397ae5b8c0d1c9",
                "sha256:7095f6fbfaa55defb6b733cfeb14efaae7a29f0b59d8cf213be4e7ca0b857b80",
                "sha256:70c610f6cbe4b9fce272c407dd9d07e33e6bf7b4aa1b7ffb6f6ded8e634e3592",
                "sha256:72814c01533f51d68702802d74f77ea026b5ec52793c791e2da806a3844a46c3",
                "sha256:7a4826ad2bd6b07ca615c74ab91f32f6c96d08f6fcc3902ceeedaec8cdc3bcd6",
                "sha256:7c70087bfee18a42b4040bb9ec1ca15a08242cf5867c58726530bdf3945672ed",
                "sha256:855eafa5d5a2034b4621c74925d89c5efef61418570e5ef9b37717d9c796419c",
                "sha256:8700f06d0ce6f128de3ccdbc1acaea1ee264d2caa9ca05daaf492fde7c2a7200",
                "sha256:89f1b185a01fe560bc8ae5f619e924407efca2191b56ce749ec84982fc59a32a",
                "sha256:8b2c760cfc7042b27ebdb4a43a4453bd829a5742503599144d54a032c5dc7e9e",
                "sha256:8c2f5e83493748286002f9369f3e6607c565a6a90425a3a1fef5ae32a36d749d",
                "sha256:8e098148dd37b4ce3baca71fb394c81dc5d9c7728c95df695d2dca218edf40e6",
                "sha256:94aea8eff76ee6d1cdacb07dd2123a68283cb5569e0250feab1240058f53b623",
                "sha256:95eb302ff792e12aba9a8b8f8474ab229a83c103d74a750ec0bd1c1eea32e669",
                "sha256:9bd9b3b31adcb054116447ea22caa61a285d92e94d710aa5ec97992ff5eb7cf3",
                "sha256:9e608aafdb55eb9f255034709e20d5a83b6d60c054df0802fa9c9883d0a937aa",
                "sha256:a103b3a7069b62f5d4890ae1b8f0597618f628b286b03d4bc9195230b154bfa9",
                "sha256:a386ebe437176aab38c041de1260cd3ea459c6ce5263594399880bbc398225b2",
                "sha256:a38856a971c602f98472050165cea2cdc97709240373041b69030be15047691f",
                "sha256:a401b4598e5d3f4a9a811f3daf42ee2291790c7f9d74b18d75d6e21dda98a1a1",
                "sha256:a7647ebdfb9682b7bb97e2a5e7cb6ae735b1c25008a70b906aecca294ee96cf4",
                "sha256:aaf63899c94de41fe3cf934601b0f7ccb6b428c6e4eeb80da72c58eab077b19a",
                "sha256:b0dac0ff919ba34d4df1b6131f59ce95b08b9065233446be7e459f95554c0dc8",
                "sha256:baacc6aee0b2ef6f3d308e197b5d7a81c0e70b06beae1f1fcacffdbd124fe0e3",
                "sha256:bf420121d4c8dce6b889f0e8e4ec0ca34b7f40186203f06a946fa0276ba54029",
                "sha256:c04a46716adde8d927adb9457bbe39cf473e1e2c2f5d0a16ceb837e5d841ad4f",
                "sha256:c0b21078a4b56965e2b12f247467b234734491897e99c1d51cee628da9786959",
                "sha256:c1c76a1743432b4b60ab3358c937a3fe1341c828ae6194108a94c69028247f22",
                "sha256:c4983bf937209c57240cff65906b18bb35e64ae872da6a0db937d7b4af845dd7",
                "sha256:c4fb39a81950ec280984b3a44f5bd12819953dc5fa3a7e6fa7a80db5ee853952",
                "sha256:c57921cda3a80d0f2b8aec7e25c8aa14479ea92b5b51b6876d975d925a2ea346",
                "sha256:c8063cf17b19661471ecbdb3df1c84f24ad2e389e326ccaf89e3fb2484d8dd7e",
                "sha256:ccd16eb18a849fd8dcb23e23380e2f0a354e8daa0c984b8a732d9cfaba3a776d",
                "sha256:cd6dbe0238f7743d0efe563ab46294f54f9bc8f4b9bcf57c3c666cc5bc9d1299",
                "sha256:d62e51710986674142526ab9f78663ca2b0726066ae26b78b22e0f5e571238dd",
                "sha256:db901e2ac34c931d73054d9797383d0f8009991e723dab15109740a63e7f902a",
                "sha256:e03b8895a6990c9ab2cdcd0f2fe44088ca1c65ae592b8f795c3294af00a461c3",
                "sha256:e1c8a2f4c69e08e89632defbfabec2feb8a8d99edc9f89ce33c4b9e36ab63037",
                "sha256:e4b749b9cc6ee664a3300bb3a273c1ca8068c46be705b6c31cf5d276f8628a94",
                "sha256:e6a5bf2cba5ae1bb80b154ed68a3cfa2fa00fde979a7f50d6598d3e17d9ac20c",
                "sha256:e857a2232ba53ae940d3456f7533ce6ca98b81917d47adc3c7fd55dad8fab858",
                "sha256:ee4006268ed33370957f55bf2e6f4d263eaf4dc3cfc473d1d90baff6ed36ce4a",
                "sha256:eef9df1eefada2c09a5e7a40991b9fc6ac6ef20b1372abd48d2794a316dc0449",
                "sha256:f058f6963fd82eb143c692cecdc89e075fa0828db2e5b291070485390b2f1c9c",
                "sha256:f25c229a6ba38a35ae6e25ca1264621cc25d4d38dca2942a7fce0b67a4efe918",
                "sha256:f2a1d0fd4242bd8643ce6f98927cf9c04540af6efa92323e9d3124f57727bfc1",
                "sha256:f7560358a6811e52e9c4d142d497f1a6e10103d3a6881f18d04dbce3729c0e2c",
                "sha256:f779d3ad205f108d14e99bb3859aa7dd8e9c68874617c72354d7ecaec2a054ac",
                "sha256:f87f746ee241d30d6ed93969de31e5ffd09a2961a051e60ae6bddde9ec3583aa"
            ],
            "markers": "python_version >= '3.7'",
            "version": "==3.2.0"
        },
        "click": {
            "hashes": [
                "sha256:ae74fb96c20a0277a1d615f1e4d73c8414f5a98db8b799a7931d1582f3390c28",
                "sha256:ca9853ad459e787e2192211578cc907e7594e294c7ccc834310722b41b9ca6de"
            ],
            "markers": "python_version >= '3.7'",
            "version": "==8.1.7"
        },
        "datapackage": {
            "hashes": [
                "sha256:1e91a18c866914dea0acfe2aec785e6ec583c33766b0682c740b30bb7de88c58",
                "sha256:5d429d566482ddb5e2424a4f6ac80782340fd2eb707595d601511d077d6caaba"
            ],
            "index": "pypi",
            "version": "==1.15.2"
        },
        "et-xmlfile": {
            "hashes": [
                "sha256:8eb9e2bc2f8c97e37a2dc85a09ecdcdec9d8a396530a6d5a33b30b9a92da0c5c",
                "sha256:a2ba85d1d6a74ef63837eed693bcb89c3f752169b0e3e7ae5b16ca5e1b3deada"
            ],
            "markers": "python_version >= '3.6'",
            "version": "==1.1.0"
        },
        "greenlet": {
            "hashes": [
                "sha256:03a8f4f3430c3b3ff8d10a2a86028c660355ab637cee9333d63d66b56f09d52a",
                "sha256:0bf60faf0bc2468089bdc5edd10555bab6e85152191df713e2ab1fcc86382b5a",
                "sha256:1087300cf9700bbf455b1b97e24db18f2f77b55302a68272c56209d5587c12d1",
                "sha256:18a7f18b82b52ee85322d7a7874e676f34ab319b9f8cce5de06067384aa8ff43",
                "sha256:18e98fb3de7dba1c0a852731c3070cf022d14f0d68b4c87a19cc1016f3bb8b33",
                "sha256:1a819eef4b0e0b96bb0d98d797bef17dc1b4a10e8d7446be32d1da33e095dbb8",
                "sha256:26fbfce90728d82bc9e6c38ea4d038cba20b7faf8a0ca53a9c07b67318d46088",
                "sha256:2780572ec463d44c1d3ae850239508dbeb9fed38e294c68d19a24d925d9223ca",
                "sha256:283737e0da3f08bd637b5ad058507e578dd462db259f7f6e4c5c365ba4ee9343",
                "sha256:2d4686f195e32d36b4d7cf2d166857dbd0ee9f3d20ae349b6bf8afc8485b3645",
                "sha256:2dd11f291565a81d71dab10b7033395b7a3a5456e637cf997a6f33ebdf06f8db",
                "sha256:30bcf80dda7f15ac77ba5af2b961bdd9dbc77fd4ac6105cee85b0d0a5fcf74df",
                "sha256:32e5b64b148966d9cccc2c8d35a671409e45f195864560829f395a54226408d3",
                "sha256:36abbf031e1c0f79dd5d596bfaf8e921c41df2bdf54ee1eed921ce1f52999a86",
                "sha256:3a06ad5312349fec0ab944664b01d26f8d1f05009566339ac6f63f56589bc1a2",
                "sha256:3a51c9751078733d88e013587b108f1b7a1fb106d402fb390740f002b6f6551a",
                "sha256:3c9b12575734155d0c09d6c3e10dbd81665d5c18e1a7c6597df72fd05990c8cf",
                "sha256:3f6ea9bd35eb450837a3d80e77b517ea5bc56b4647f5502cd28de13675ee12f7",
                "sha256:4b58adb399c4d61d912c4c331984d60eb66565175cdf4a34792cd9600f21b394",
                "sha256:4d2e11331fc0c02b6e84b0d28ece3a36e0548ee1a1ce9ddde03752d9b79bba40",
                "sha256:5454276c07d27a740c5892f4907c86327b632127dd9abec42ee62e12427ff7e3",
                "sha256:561091a7be172ab497a3527602d467e2b3fbe75f9e783d8b8ce403fa414f71a6",
                "sha256:6c3acb79b0bfd4fe733dff8bc62695283b57949ebcca05ae5c129eb606ff2d74",
                "sha256:703f18f3fda276b9a916f0934d2fb6d989bf0b4fb5a64825260eb9bfd52d78f0",
                "sha256:7492e2b7bd7c9b9916388d9df23fa49d9b88ac0640db0a5b4ecc2b653bf451e3",
                "sha256:76ae285c8104046b3a7f06b42f29c7b73f77683df18c49ab5af7983994c2dd91",
                "sha256:7cafd1208fdbe93b67c7086876f061f660cfddc44f404279c1585bbf3cdc64c5",
                "sha256:7efde645ca1cc441d6dc4b48c0f7101e8d86b54c8530141b09fd31cef5149ec9",
                "sha256:8512a0c38cfd4e66a858ddd1b17705587900dd760c6003998e9472b77b56d417",
                "sha256:88d9ab96491d38a5ab7c56dd7a3cc37d83336ecc564e4e8816dbed12e5aaefc8",
                "sha256:8eab883b3b2a38cc1e050819ef06a7e6344d4a990d24d45bc6f2cf959045a45b",
                "sha256:910841381caba4f744a44bf81bfd573c94e10b3045ee00de0cbf436fe50673a6",
                "sha256:9190f09060ea4debddd24665d6804b995a9c122ef5917ab26e1566dcc712ceeb",
                "sha256:937e9020b514ceedb9c830c55d5c9872abc90f4b5862f89c0887033ae33c6f73",
                "sha256:94c817e84245513926588caf1152e3b559ff794d505555211ca041f032abbb6b",
                "sha256:971ce5e14dc5e73715755d0ca2975ac88cfdaefcaab078a284fea6cfabf866df",
                "sha256:9d14b83fab60d5e8abe587d51c75b252bcc21683f24699ada8fb275d7712f5a9",
                "sha256:9f35ec95538f50292f6d8f2c9c9f8a3c6540bbfec21c9e5b4b751e0a7c20864f",
                "sha256:a1846f1b999e78e13837c93c778dcfc3365902cfb8d1bdb7dd73ead37059f0d0",
                "sha256:acd2162a36d3de67ee896c43effcd5ee3de247eb00354db411feb025aa319857",
                "sha256:b0ef99cdbe2b682b9ccbb964743a6aca37905fda5e0452e5ee239b1654d37f2a",
                "sha256:b80f600eddddce72320dbbc8e3784d16bd3fb7b517e82476d8da921f27d4b249",
                "sha256:b864ba53912b6c3ab6bcb2beb19f19edd01a6bfcbdfe1f37ddd1778abfe75a30",
                "sha256:b9ec052b06a0524f0e35bd8790686a1da006bd911dd1ef7d50b77bfbad74e292",
                "sha256:ba2956617f1c42598a308a84c6cf021a90ff3862eddafd20c3333d50f0edb45b",
                "sha256:bdfea8c661e80d3c1c99ad7c3ff74e6e87184895bbaca6ee8cc61209f8b9b85d",
                "sha256:be4ed120b52ae4d974aa40215fcdfde9194d63541c7ded40ee12eb4dda57b76b",
                "sha256:c4302695ad8027363e96311df24ee28978162cdcdd2006476c43970b384a244c",
                "sha256:c48f54ef8e05f04d6eff74b8233f6063cb1ed960243eacc474ee73a2ea8573ca",
                "sha256:c9c59a2120b55788e800d82dfa99b9e156ff8f2227f07c5e3012a45a399620b7",
                "sha256:cd021c754b162c0fb55ad5d6b9d960db667faad0fa2ff25bb6e1301b0b6e6a75",
                "sha256:d27ec7509b9c18b6d73f2f5ede2622441de812e7b1a80bbd446cb0633bd3d5ae",
                "sha256:d4606a527e30548153be1a9f155f4e283d109ffba663a15856089fb55f933e47",
                "sha256:d5508f0b173e6aa47273bdc0a0b5ba055b59662ba7c7ee5119528f466585526b",
                "sha256:d75209eed723105f9596807495d58d10b3470fa6732dd6756595e89925ce2470",
                "sha256:d967650d3f56af314b72df7089d96cda1083a7fc2da05b375d2bc48c82ab3f3c",
                "sha256:db1a39669102a1d8d12b57de2bb7e2ec9066a6f2b3da35ae511ff93b01b5d564",
                "sha256:dbfcfc0218093a19c252ca8eb9aee3d29cfdcb586df21049b9d777fd32c14fd9",
                "sha256:e0f72c9ddb8cd28532185f54cc1453f2c16fb417a08b53a855c4e6a418edd099",
                "sha256:e7c8dc13af7db097bed64a051d2dd49e9f0af495c26995c00a9ee842690d34c0",
                "sha256:ea9872c80c132f4663822dd2a08d404073a5a9b5ba6155bea72fb2a79d1093b5",
                "sha256:eff4eb9b7eb3e4d0cae3d28c283dc16d9bed6b193c2e1ace3ed86ce48ea8df19",
                "sha256:f82d4d717d8ef19188687aa32b8363e96062911e63ba22a0cff7802a8e58e5f1",
                "sha256:fc3a569657468b6f3fb60587e48356fe512c1754ca05a564f11366ac9e306526"
            ],
            "markers": "platform_machine == 'aarch64' or (platform_machine == 'ppc64le' or (platform_machine == 'x86_64' or (platform_machine == 'amd64' or (platform_machine == 'AMD64' or (platform_machine == 'win32' or platform_machine == 'WIN32')))))",
            "version": "==2.0.2"
        },
        "idna": {
            "hashes": [
                "sha256:814f528e8dead7d329833b91c5faa87d60bf71824cd12a7530b5526063d02cb4",
                "sha256:90b77e79eaa3eba6de819a0c442c0b4ceefc341a7a2ab77d7562bf49f425c5c2"
            ],
            "markers": "python_version >= '3.5'",
            "version": "==3.4"
        },
        "ijson": {
            "hashes": [
                "sha256:06f9707da06a19b01013f8c65bf67db523662a9b4a4ff027e946e66c261f17f0",
                "sha256:0974444c1f416e19de1e9f567a4560890095e71e81623c509feff642114c1e53",
                "sha256:0a4ae076bf97b0430e4e16c9cb635a6b773904aec45ed8dcbc9b17211b8569ba",
                "sha256:0b9d1141cfd1e6d6643aa0b4876730d0d28371815ce846d2e4e84a2d4f471cf3",
                "sha256:0e0243d166d11a2a47c17c7e885debf3b19ed136be2af1f5d1c34212850236ac",
                "sha256:10294e9bf89cb713da05bc4790bdff616610432db561964827074898e174f917",
                "sha256:1844c5b57da21466f255a0aeddf89049e730d7f3dfc4d750f0e65c36e6a61a7c",
                "sha256:211124cff9d9d139dd0dfced356f1472860352c055d2481459038b8205d7d742",
                "sha256:2a80c0bb1053055d1599e44dc1396f713e8b3407000e6390add72d49633ff3bb",
                "sha256:2cc04fc0a22bb945cd179f614845c8b5106c0b3939ee0d84ce67c7a61ac1a936",
                "sha256:2ec3e5ff2515f1c40ef6a94983158e172f004cd643b9e4b5302017139b6c96e4",
                "sha256:35194e0b8a2bda12b4096e2e792efa5d4801a0abb950c48ade351d479cd22ba5",
                "sha256:396338a655fb9af4ac59dd09c189885b51fa0eefc84d35408662031023c110d1",
                "sha256:39f551a6fbeed4433c85269c7c8778e2aaea2501d7ebcb65b38f556030642c17",
                "sha256:3b14d322fec0de7af16f3ef920bf282f0dd747200b69e0b9628117f381b7775b",
                "sha256:3c0d526ccb335c3c13063c273637d8611f32970603dfb182177b232d01f14c23",
                "sha256:3dcc33ee56f92a77f48776014ddb47af67c33dda361e84371153c4f1ed4434e1",
                "sha256:4252e48c95cd8ceefc2caade310559ab61c37d82dfa045928ed05328eb5b5f65",
                "sha256:455d7d3b7a6aacfb8ab1ebcaf697eedf5be66e044eac32508fccdc633d995f0e",
                "sha256:46bafb1b9959872a1f946f8dd9c6f1a30a970fc05b7bfae8579da3f1f988e598",
                "sha256:4a3a6a2fbbe7550ffe52d151cf76065e6b89cfb3e9d0463e49a7e322a25d0426",
                "sha256:4b2ec8c2a3f1742cbd5f36b65e192028e541b5fd8c7fd97c1fc0ca6c427c704a",
                "sha256:4fc35d569eff3afa76bfecf533f818ecb9390105be257f3f83c03204661ace70",
                "sha256:545a30b3659df2a3481593d30d60491d1594bc8005f99600e1bba647bb44cbb5",
                "sha256:644f4f03349ff2731fd515afd1c91b9e439e90c9f8c28292251834154edbffca",
                "sha256:674e585361c702fad050ab4c153fd168dc30f5980ef42b64400bc84d194e662d",
                "sha256:6a4db2f7fb9acfb855c9ae1aae602e4648dd1f88804a0d5cfb78c3639bcf156c",
                "sha256:6bd3e7e91d031f1e8cea7ce53f704ab74e61e505e8072467e092172422728b22",
                "sha256:6c32c18a934c1dc8917455b0ce478fd7a26c50c364bd52c5a4fb0fc6bb516af7",
                "sha256:6f662dc44362a53af3084d3765bb01cd7b4734d1f484a6095cad4cb0cbfe5374",
                "sha256:713a919e0220ac44dab12b5fed74f9130f3480e55e90f9d80f58de129ea24f83",
                "sha256:7596b42f38c3dcf9d434dddd50f46aeb28e96f891444c2b4b1266304a19a2c09",
                "sha256:7851a341429b12d4527ca507097c959659baf5106c7074d15c17c387719ffbcd",
                "sha256:7b8064a85ec1b0beda7dd028e887f7112670d574db606f68006c72dd0bb0e0e2",
                "sha256:7ce4c70c23521179d6da842bb9bc2e36bb9fad1e0187e35423ff0f282890c9ca",
                "sha256:7dc357da4b4ebd8903e77dbcc3ce0555ee29ebe0747c3c7f56adda423df8ec89",
                "sha256:81815b4184b85ce124bfc4c446d5f5e5e643fc119771c5916f035220ada29974",
                "sha256:85afdb3f3a5d0011584d4fa8e6dccc5936be51c27e84cd2882fe904ca3bd04c5",
                "sha256:86b3c91fdcb8ffb30556c9669930f02b7642de58ca2987845b04f0d7fe46d9a8",
                "sha256:904f77dd3d87736ff668884fe5197a184748eb0c3e302ded61706501d0327465",
                "sha256:916acdc5e504f8b66c3e287ada5d4b39a3275fc1f2013c4b05d1ab9933671a6c",
                "sha256:923131f5153c70936e8bd2dd9dcfcff43c67a3d1c789e9c96724747423c173eb",
                "sha256:92dc4d48e9f6a271292d6079e9fcdce33c83d1acf11e6e12696fb05c5889fe74",
                "sha256:96190d59f015b5a2af388a98446e411f58ecc6a93934e036daa75f75d02386a0",
                "sha256:9680e37a10fedb3eab24a4a7e749d8a73f26f1a4c901430e7aa81b5da15f7307",
                "sha256:98c6799925a5d1988da4cd68879b8eeab52c6e029acc45e03abb7921a4715c4b",
                "sha256:9c2a12dcdb6fa28f333bf10b3a0f80ec70bc45280d8435be7e19696fab2bc706",
                "sha256:9e0a27db6454edd6013d40a956d008361aac5bff375a9c04ab11fc8c214250b5",
                "sha256:a4d7fe3629de3ecb088bff6dfe25f77be3e8261ed53d5e244717e266f8544305",
                "sha256:a729b0c8fb935481afe3cf7e0dadd0da3a69cc7f145dbab8502e2f1e01d85a7c",
                "sha256:ab4db9fee0138b60e31b3c02fff8a4c28d7b152040553b6a91b60354aebd4b02",
                "sha256:b49fd5fe1cd9c1c8caf6c59f82b08117dd6bea2ec45b641594e25948f48f4169",
                "sha256:b4eb2304573c9fdf448d3fa4a4fdcb727b93002b5c5c56c14a5ffbbc39f64ae4",
                "sha256:ba33c764afa9ecef62801ba7ac0319268a7526f50f7601370d9f8f04e77fc02b",
                "sha256:bcc51c84bb220ac330122468fe526a7777faa6464e3b04c15b476761beea424f",
                "sha256:be8495f7c13fa1f622a2c6b64e79ac63965b89caf664cc4e701c335c652d15f2",
                "sha256:c1a4b8eb69b6d7b4e94170aa991efad75ba156b05f0de2a6cd84f991def12ff9",
                "sha256:c63f3d57dbbac56cead05b12b81e8e1e259f14ce7f233a8cbe7fa0996733b628",
                "sha256:ccd6be56335cbb845f3d3021b1766299c056c70c4c9165fb2fbe2d62258bae3f",
                "sha256:cfced0a6ec85916eb8c8e22415b7267ae118eaff2a860c42d2cc1261711d0d31",
                "sha256:d052417fd7ce2221114f8d3b58f05a83c1a2b6b99cafe0b86ac9ed5e2fc889df",
                "sha256:d1053fb5f0b010ee76ca515e6af36b50d26c1728ad46be12f1f147a835341083",
                "sha256:d31e0d771d82def80cd4663a66de277c3b44ba82cd48f630526b52f74663c639",
                "sha256:d34e049992d8a46922f96483e96b32ac4c9cffd01a5c33a928e70a283710cd58",
                "sha256:d6ea7c7e3ec44742e867c72fd750c6a1e35b112f88a917615332c4476e718d40",
                "sha256:db2d6341f9cb538253e7fe23311d59252f124f47165221d3c06a7ed667ecd595",
                "sha256:db3bf1b42191b5cc9b6441552fdcb3b583594cb6b19e90d1578b7cbcf80d0fae",
                "sha256:e641814793a037175f7ec1b717ebb68f26d89d82cfd66f36e588f32d7e488d5f",
                "sha256:e84d27d1acb60d9102728d06b9650e5b7e5cb0631bd6e3dfadba8fb6a80d6c2f",
                "sha256:e9fd906f0c38e9f0bfd5365e1bed98d649f506721f76bb1a9baa5d7374f26f19",
                "sha256:eaac293853f1342a8d2a45ac1f723c860f700860e7743fb97f7b76356df883a8",
                "sha256:eeb286639649fb6bed37997a5e30eefcacddac79476d24128348ec890b2a0ccb",
                "sha256:f05ed49f434ce396ddcf99e9fd98245328e99f991283850c309f5e3182211a79",
                "sha256:f4bc87e69d1997c6a55fff5ee2af878720801ff6ab1fb3b7f94adda050651e37",
                "sha256:f8d54b624629f9903005c58d9321a036c72f5c212701bbb93d1a520ecd15e370",
                "sha256:fa8b98be298efbb2588f883f9953113d8a0023ab39abe77fe734b71b46b1220a",
                "sha256:fbac4e9609a1086bbad075beb2ceec486a3b138604e12d2059a33ce2cba93051",
                "sha256:fd12e42b9cb9c0166559a3ffa276b4f9fc9d5b4c304e5a13668642d34b48b634"
            ],
            "version": "==3.2.3"
        },
        "iniconfig": {
            "hashes": [
                "sha256:2d91e135bf72d31a410b17c16da610a82cb55f6b0477d1a902134b24a455b8b3",
                "sha256:b6a85871a79d2e3b22d2d1b94ac2824226a63c6b741c88f7ae975f18b6778374"
            ],
            "markers": "python_version >= '3.7'",
            "version": "==2.0.0"
        },
        "isodate": {
            "hashes": [
                "sha256:0751eece944162659049d35f4f549ed815792b38793f07cf73381c1c87cbed96",
                "sha256:48c5881de7e8b0a0d648cb024c8062dc84e7b840ed81e864c7614fd3c127bde9"
            ],
            "version": "==0.6.1"
        },
        "jmespath": {
            "hashes": [
                "sha256:02e2e4cc71b5bcab88332eebf907519190dd9e6e82107fa7f83b1003a6252980",
                "sha256:90261b206d6defd58fdd5e85f478bf633a2901798906be2ad389150c5c60edbe"
            ],
            "markers": "python_version >= '3.7'",
            "version": "==1.0.1"
        },
        "jsonlines": {
            "hashes": [
                "sha256:0c6d2c09117550c089995247f605ae4cf77dd1533041d366351f6f298822ea74",
                "sha256:185b334ff2ca5a91362993f42e83588a360cf95ce4b71a73548502bda52a7c55"
            ],
            "markers": "python_version >= '3.8'",
            "version": "==4.0.0"
        },
        "jsonpointer": {
            "hashes": [
                "sha256:15d51bba20eea3165644553647711d150376234112651b4f1811022aecad7d7a",
                "sha256:585cee82b70211fa9e6043b7bb89db6e1aa49524340dde8ad6b63206ea689d88"
            ],
            "markers": "python_version >= '2.7' and python_version not in '3.0, 3.1, 3.2, 3.3, 3.4, 3.5, 3.6'",
            "version": "==2.4"
        },
        "jsonschema": {
            "hashes": [
                "sha256:043dc26a3845ff09d20e4420d6012a9c91c9aa8999fa184e7efcfeccb41e32cb",
                "sha256:6e1e7569ac13be8139b2dd2c21a55d350066ee3f80df06c608b398cdc6f30e8f"
            ],
            "markers": "python_version >= '3.8'",
            "version": "==4.19.0"
        },
        "jsonschema-specifications": {
            "hashes": [
                "sha256:05adf340b659828a004220a9613be00fa3f223f2b82002e273dee62fd50524b1",
                "sha256:c91a50404e88a1f6ba40636778e2ee08f6e24c5613fe4c53ac24578a5a7f72bb"
            ],
            "markers": "python_version >= '3.8'",
            "version": "==2023.7.1"
        },
        "linear-tsv": {
            "hashes": [
                "sha256:b504d78f4075615ae75de86a16e5680701a441fc84da2a2cf9f94351ab1ccbf5"
            ],
            "version": "==1.1.0"
        },
        "openpyxl": {
            "hashes": [
                "sha256:a6f5977418eff3b2d5500d54d9db50c8277a368436f4e4f8ddb1be3422870184",
                "sha256:f91456ead12ab3c6c2e9491cf33ba6d08357d802192379bb482f1033ade496f5"
            ],
            "markers": "python_version >= '3.6'",
            "version": "==3.1.2"
        },
        "packaging": {
            "hashes": [
                "sha256:994793af429502c4ea2ebf6bf664629d07c1a9fe974af92966e4b8d2df7edc61",
                "sha256:a392980d2b6cffa644431898be54b0045151319d1e7ec34f0cfed48767dd334f"
            ],
            "markers": "python_version >= '3.7'",
            "version": "==23.1"
        },
        "pluggy": {
            "hashes": [
                "sha256:cf61ae8f126ac6f7c451172cf30e3e43d3ca77615509771b3a984a0730651e12",
                "sha256:d89c696a773f8bd377d18e5ecda92b7a3793cbe66c87060a6fb58c7b6e1061f7"
            ],
            "markers": "python_version >= '3.8'",
            "version": "==1.3.0"
        },
        "py": {
            "hashes": [
                "sha256:51c75c4126074b472f746a24399ad32f6053d1b34b68d2fa41e558e6f4a98719",
                "sha256:607c53218732647dff4acdfcd50cb62615cedf612e72d1724fb1a0cc6405b378"
            ],
            "markers": "python_version >= '2.7' and python_version not in '3.0, 3.1, 3.2, 3.3, 3.4'",
            "version": "==1.11.0"
        },
        "pytest": {
            "hashes": [
                "sha256:131b36680866a76e6781d13f101efb86cf674ebb9762eb70d3082b6f29889e89",
                "sha256:7310f8d27bc79ced999e760ca304d69f6ba6c6649c0b60fb0e04a4a77cacc134"
            ],
            "index": "pypi",
            "version": "==6.2.5"
        },
        "python-dateutil": {
            "hashes": [
                "sha256:0123cacc1627ae19ddf3c27a5de5bd67ee4586fbdd6440d9748f8abb483d3e86",
                "sha256:961d03dc3453ebbc59dbdea9e4e11c5651520a876d0f4db161e8674aae935da9"
            ],
            "markers": "python_version >= '2.7' and python_version not in '3.0, 3.1, 3.2, 3.3'",
            "version": "==2.8.2"
        },
        "referencing": {
            "hashes": [
                "sha256:449b6669b6121a9e96a7f9e410b245d471e8d48964c67113ce9afe50c8dd7bdf",
                "sha256:794ad8003c65938edcdbc027f1933215e0d0ccc0291e3ce20a4d87432b59efc0"
            ],
            "markers": "python_version >= '3.8'",
            "version": "==0.30.2"
        },
        "requests": {
            "hashes": [
                "sha256:58cd2187c01e70e6e26505bca751777aa9f2ee0b7f4300988b709f44e013003f",
                "sha256:942c5a758f98d790eaed1a29cb6eefc7ffb0d1cf7af05c3d2791656dbd6ad1e1"
            ],
            "markers": "python_version >= '3.7'",
            "version": "==2.31.0"
        },
        "rfc3986": {
            "hashes": [
                "sha256:50b1502b60e289cb37883f3dfd34532b8873c7de9f49bb546641ce9cbd256ebd",
                "sha256:97aacf9dbd4bfd829baad6e6309fa6573aaf1be3f6fa735c8ab05e46cecb261c"
            ],
            "markers": "python_version >= '3.7'",
            "version": "==2.0.0"
        },
        "rpds-py": {
            "hashes": [
                "sha256:00215f6a9058fbf84f9d47536902558eb61f180a6b2a0fa35338d06ceb9a2e5a",
                "sha256:0028eb0967942d0d2891eae700ae1a27b7fd18604cfcb16a1ef486a790fee99e",
                "sha256:0155c33af0676fc38e1107679be882077680ad1abb6303956b97259c3177e85e",
                "sha256:063411228b852fb2ed7485cf91f8e7d30893e69b0acb207ec349db04cccc8225",
                "sha256:0700c2133ba203c4068aaecd6a59bda22e06a5e46255c9da23cbf68c6942215d",
                "sha256:08e08ccf5b10badb7d0a5c84829b914c6e1e1f3a716fdb2bf294e2bd01562775",
                "sha256:0d292cabd7c8335bdd3237ded442480a249dbcdb4ddfac5218799364a01a0f5c",
                "sha256:15932ec5f224b0e35764dc156514533a4fca52dcfda0dfbe462a1a22b37efd59",
                "sha256:18f87baa20e02e9277ad8960cd89b63c79c05caf106f4c959a9595c43f2a34a5",
                "sha256:1a6420a36975e0073acaeee44ead260c1f6ea56812cfc6c31ec00c1c48197173",
                "sha256:1b401e8b9aece651512e62c431181e6e83048a651698a727ea0eb0699e9f9b74",
                "sha256:1d7b7b71bcb82d8713c7c2e9c5f061415598af5938666beded20d81fa23e7640",
                "sha256:23750a9b8a329844ba1fe267ca456bb3184984da2880ed17ae641c5af8de3fef",
                "sha256:23a059143c1393015c68936370cce11690f7294731904bdae47cc3e16d0b2474",
                "sha256:26d9fd624649a10e4610fab2bc820e215a184d193e47d0be7fe53c1c8f67f370",
                "sha256:291c9ce3929a75b45ce8ddde2aa7694fc8449f2bc8f5bd93adf021efaae2d10b",
                "sha256:298e8b5d8087e0330aac211c85428c8761230ef46a1f2c516d6a2f67fb8803c5",
                "sha256:2c7c4266c1b61eb429e8aeb7d8ed6a3bfe6c890a1788b18dbec090c35c6b93fa",
                "sha256:2d68a8e8a3a816629283faf82358d8c93fe5bd974dd2704152394a3de4cec22a",
                "sha256:344b89384c250ba6a4ce1786e04d01500e4dac0f4137ceebcaad12973c0ac0b3",
                "sha256:3455ecc46ea443b5f7d9c2f946ce4017745e017b0d0f8b99c92564eff97e97f5",
                "sha256:3d544a614055b131111bed6edfa1cb0fb082a7265761bcb03321f2dd7b5c6c48",
                "sha256:3e5c26905aa651cc8c0ddc45e0e5dea2a1296f70bdc96af17aee9d0493280a17",
                "sha256:3f5cc8c7bc99d2bbcd704cef165ca7d155cd6464c86cbda8339026a42d219397",
                "sha256:4992266817169997854f81df7f6db7bdcda1609972d8ffd6919252f09ec3c0f6",
                "sha256:4d55528ef13af4b4e074d067977b1f61408602f53ae4537dccf42ba665c2c7bd",
                "sha256:576da63eae7809f375932bfcbca2cf20620a1915bf2fedce4b9cc8491eceefe3",
                "sha256:58fc4d66ee349a23dbf08c7e964120dc9027059566e29cf0ce6205d590ed7eca",
                "sha256:5b9bf77008f2c55dabbd099fd3ac87009471d223a1c7ebea36873d39511b780a",
                "sha256:5e7996aed3f65667c6dcc8302a69368435a87c2364079a066750a2eac75ea01e",
                "sha256:5f7487be65b9c2c510819e744e375bd41b929a97e5915c4852a82fbb085df62c",
                "sha256:6388e4e95a26717b94a05ced084e19da4d92aca883f392dffcf8e48c8e221a24",
                "sha256:65af12f70355de29e1092f319f85a3467f4005e959ab65129cb697169ce94b86",
                "sha256:668d2b45d62c68c7a370ac3dce108ffda482b0a0f50abd8b4c604a813a59e08f",
                "sha256:71333c22f7cf5f0480b59a0aef21f652cf9bbaa9679ad261b405b65a57511d1e",
                "sha256:7150b83b3e3ddaac81a8bb6a9b5f93117674a0e7a2b5a5b32ab31fdfea6df27f",
                "sha256:748e472345c3a82cfb462d0dff998a7bf43e621eed73374cb19f307e97e08a83",
                "sha256:75dbfd41a61bc1fb0536bf7b1abf272dc115c53d4d77db770cd65d46d4520882",
                "sha256:7618a082c55cf038eede4a918c1001cc8a4411dfe508dc762659bcd48d8f4c6e",
                "sha256:780fcb855be29153901c67fc9c5633d48aebef21b90aa72812fa181d731c6b00",
                "sha256:78d10c431073dc6ebceed35ab22948a016cc2b5120963c13a41e38bdde4a7212",
                "sha256:7a3a3d3e4f1e3cd2a67b93a0b6ed0f2499e33f47cc568e3a0023e405abdc0ff1",
                "sha256:7b6975d3763d0952c111700c0634968419268e6bbc0b55fe71138987fa66f309",
                "sha256:80772e3bda6787510d9620bc0c7572be404a922f8ccdfd436bf6c3778119464c",
                "sha256:80992eb20755701753e30a6952a96aa58f353d12a65ad3c9d48a8da5ec4690cf",
                "sha256:841128a22e6ac04070a0f84776d07e9c38c4dcce8e28792a95e45fc621605517",
                "sha256:861d25ae0985a1dd5297fee35f476b60c6029e2e6e19847d5b4d0a43a390b696",
                "sha256:872f3dcaa8bf2245944861d7311179d2c0c9b2aaa7d3b464d99a7c2e401f01fa",
                "sha256:87c93b25d538c433fb053da6228c6290117ba53ff6a537c133b0f2087948a582",
                "sha256:8856aa76839dc234d3469f1e270918ce6bec1d6a601eba928f45d68a15f04fc3",
                "sha256:885e023e73ce09b11b89ab91fc60f35d80878d2c19d6213a32b42ff36543c291",
                "sha256:899b5e7e2d5a8bc92aa533c2d4e55e5ebba095c485568a5e4bedbc163421259a",
                "sha256:8ce8caa29ebbdcde67e5fd652c811d34bc01f249dbc0d61e5cc4db05ae79a83b",
                "sha256:8e1c68303ccf7fceb50fbab79064a2636119fd9aca121f28453709283dbca727",
                "sha256:8e7e2b3577e97fa43c2c2b12a16139b2cedbd0770235d5179c0412b4794efd9b",
                "sha256:92f05fc7d832e970047662b3440b190d24ea04f8d3c760e33e7163b67308c878",
                "sha256:97f5811df21703446b42303475b8b855ee07d6ab6cdf8565eff115540624f25d",
                "sha256:9affee8cb1ec453382c27eb9043378ab32f49cd4bc24a24275f5c39bf186c279",
                "sha256:a2da4a8c6d465fde36cea7d54bf47b5cf089073452f0e47c8632ecb9dec23c07",
                "sha256:a6903cdca64f1e301af9be424798328c1fe3b4b14aede35f04510989fc72f012",
                "sha256:a8ab1adf04ae2d6d65835995218fd3f3eb644fe20655ca8ee233e2c7270ff53b",
                "sha256:a8edd467551c1102dc0f5754ab55cd0703431cd3044edf8c8e7d9208d63fa453",
                "sha256:ac00c41dd315d147b129976204839ca9de699d83519ff1272afbe4fb9d362d12",
                "sha256:ad277f74b1c164f7248afa968700e410651eb858d7c160d109fb451dc45a2f09",
                "sha256:ae46a50d235f1631d9ec4670503f7b30405103034830bc13df29fd947207f795",
                "sha256:afe6b5a04b2ab1aa89bad32ca47bf71358e7302a06fdfdad857389dca8fb5f04",
                "sha256:b1cb078f54af0abd835ca76f93a3152565b73be0f056264da45117d0adf5e99c",
                "sha256:b25136212a3d064a8f0b9ebbb6c57094c5229e0de76d15c79b76feff26aeb7b8",
                "sha256:b3226b246facae14909b465061ddcfa2dfeadb6a64f407f24300d42d69bcb1a1",
                "sha256:b98e75b21fc2ba5285aef8efaf34131d16af1c38df36bdca2f50634bea2d3060",
                "sha256:bbd7b24d108509a1b9b6679fcc1166a7dd031dbef1f3c2c73788f42e3ebb3beb",
                "sha256:bed57543c99249ab3a4586ddc8786529fbc33309e5e8a1351802a06ca2baf4c2",
                "sha256:c0583f69522732bdd79dca4cd3873e63a29acf4a299769c7541f2ca1e4dd4bc6",
                "sha256:c1e0e9916301e3b3d970814b1439ca59487f0616d30f36a44cead66ee1748c31",
                "sha256:c651847545422c8131660704c58606d841e228ed576c8f1666d98b3d318f89da",
                "sha256:c7853f27195598e550fe089f78f0732c66ee1d1f0eaae8ad081589a5a2f5d4af",
                "sha256:cbae50d352e4717ffc22c566afc2d0da744380e87ed44a144508e3fb9114a3f4",
                "sha256:cdbed8f21204398f47de39b0a9b180d7e571f02dfb18bf5f1b618e238454b685",
                "sha256:d08395595c42bcd82c3608762ce734504c6d025eef1c06f42326a6023a584186",
                "sha256:d4639111e73997567343df6551da9dd90d66aece1b9fc26c786d328439488103",
                "sha256:d63787f289944cc4bde518ad2b5e70a4f0d6e2ce76324635359c74c113fd188f",
                "sha256:d6d5f061f6a2aa55790b9e64a23dfd87b6664ab56e24cd06c78eb43986cb260b",
                "sha256:d7865df1fb564092bcf46dac61b5def25342faf6352e4bc0e61a286e3fa26a3d",
                "sha256:db6585b600b2e76e98131e0ac0e5195759082b51687ad0c94505970c90718f4a",
                "sha256:e36d7369363d2707d5f68950a64c4e025991eb0177db01ccb6aa6facae48b69f",
                "sha256:e7947d9a6264c727a556541b1630296bbd5d0a05068d21c38dde8e7a1c703ef0",
                "sha256:eb2d59bc196e6d3b1827c7db06c1a898bfa0787c0574af398e65ccf2e97c0fbe",
                "sha256:ee9c2f6ca9774c2c24bbf7b23086264e6b5fa178201450535ec0859739e6f78d",
                "sha256:f4760e1b02173f4155203054f77a5dc0b4078de7645c922b208d28e7eb99f3e2",
                "sha256:f70bec8a14a692be6dbe7ce8aab303e88df891cbd4a39af091f90b6702e28055",
                "sha256:f869e34d2326e417baee430ae998e91412cc8e7fdd83d979277a90a0e79a5b47",
                "sha256:f8b9a7cd381970e64849070aca7c32d53ab7d96c66db6c2ef7aa23c6e803f514",
                "sha256:f99d74ddf9d3b6126b509e81865f89bd1283e3fc1b568b68cd7bd9dfa15583d7",
                "sha256:f9e7e493ded7042712a374471203dd43ae3fff5b81e3de1a0513fa241af9fd41",
                "sha256:fc72ae476732cdb7b2c1acb5af23b478b8a0d4b6fcf19b90dd150291e0d5b26b",
                "sha256:fccbf0cd3411719e4c9426755df90bf3449d9fc5a89f077f4a7f1abd4f70c910",
                "sha256:ffcf18ad3edf1c170e27e88b10282a2c449aa0358659592462448d71b2000cfc"
            ],
            "markers": "python_version >= '3.8'",
            "version": "==0.10.0"
        },
        "s3transfer": {
            "hashes": [
                "sha256:b014be3a8a2aab98cfe1abc7229cc5a9a0cf05eb9c1f2b86b230fd8df3f78084",
                "sha256:cab66d3380cca3e70939ef2255d01cd8aece6a4907a9528740f668c4b0611861"
            ],
            "markers": "python_version >= '3.7'",
            "version": "==0.6.2"
        },
        "six": {
            "hashes": [
                "sha256:1e61c37477a1626458e36f7b1d82aa5c9b094fa4802892072e49de9c60c4c926",
                "sha256:8abb2f1d86890a2dfb989f9a77cfcfd3e47c2a354b01111771326f8aa26e0254"
            ],
            "markers": "python_version >= '2.7' and python_version not in '3.0, 3.1, 3.2, 3.3'",
            "version": "==1.16.0"
        },
        "sqlalchemy": {
            "hashes": [
                "sha256:1506e988ebeaaf316f183da601f24eedd7452e163010ea63dbe52dc91c7fc70e",
                "sha256:1a58052b5a93425f656675673ef1f7e005a3b72e3f2c91b8acca1b27ccadf5f4",
                "sha256:1b74eeafaa11372627ce94e4dc88a6751b2b4d263015b3523e2b1e57291102f0",
                "sha256:1be86ccea0c965a1e8cd6ccf6884b924c319fcc85765f16c69f1ae7148eba64b",
                "sha256:1d35d49a972649b5080557c603110620a86aa11db350d7a7cb0f0a3f611948a0",
                "sha256:243d0fb261f80a26774829bc2cee71df3222587ac789b7eaf6555c5b15651eed",
                "sha256:26a3399eaf65e9ab2690c07bd5cf898b639e76903e0abad096cd609233ce5208",
                "sha256:27d554ef5d12501898d88d255c54eef8414576f34672e02fe96d75908993cf53",
                "sha256:3364b7066b3c7f4437dd345d47271f1251e0cfb0aba67e785343cdbdb0fff08c",
                "sha256:3423dc2a3b94125094897118b52bdf4d37daf142cbcf26d48af284b763ab90e9",
                "sha256:3c6aceebbc47db04f2d779db03afeaa2c73ea3f8dcd3987eb9efdb987ffa09a3",
                "sha256:3ce5e81b800a8afc870bb8e0a275d81957e16f8c4b62415a7b386f29a0cb9763",
                "sha256:411e7f140200c02c4b953b3dbd08351c9f9818d2bd591b56d0fa0716bd014f1e",
                "sha256:4cde2e1096cbb3e62002efdb7050113aa5f01718035ba9f29f9d89c3758e7e4e",
                "sha256:5768c268df78bacbde166b48be788b83dddaa2a5974b8810af422ddfe68a9bc8",
                "sha256:599ccd23a7146e126be1c7632d1d47847fa9f333104d03325c4e15440fc7d927",
                "sha256:5ed61e3463021763b853628aef8bc5d469fe12d95f82c74ef605049d810f3267",
                "sha256:63a368231c53c93e2b67d0c5556a9836fdcd383f7e3026a39602aad775b14acf",
                "sha256:63e73da7fb030ae0a46a9ffbeef7e892f5def4baf8064786d040d45c1d6d1dc5",
                "sha256:6eb6d77c31e1bf4268b4d61b549c341cbff9842f8e115ba6904249c20cb78a61",
                "sha256:6f8a934f9dfdf762c844e5164046a9cea25fabbc9ec865c023fe7f300f11ca4a",
                "sha256:6fe7d61dc71119e21ddb0094ee994418c12f68c61b3d263ebaae50ea8399c4d4",
                "sha256:759b51346aa388c2e606ee206c0bc6f15a5299f6174d1e10cadbe4530d3c7a98",
                "sha256:76fdfc0f6f5341987474ff48e7a66c3cd2b8a71ddda01fa82fedb180b961630a",
                "sha256:77d37c1b4e64c926fa3de23e8244b964aab92963d0f74d98cbc0783a9e04f501",
                "sha256:79543f945be7a5ada9943d555cf9b1531cfea49241809dd1183701f94a748624",
                "sha256:79fde625a0a55220d3624e64101ed68a059c1c1f126c74f08a42097a72ff66a9",
                "sha256:7d3f175410a6db0ad96b10bfbb0a5530ecd4fcf1e2b5d83d968dd64791f810ed",
                "sha256:8dd77fd6648b677d7742d2c3cc105a66e2681cc5e5fb247b88c7a7b78351cf74",
                "sha256:a3f0dd6d15b6dc8b28a838a5c48ced7455c3e1fb47b89da9c79cc2090b072a50",
                "sha256:bcb04441f370cbe6e37c2b8d79e4af9e4789f626c595899d94abebe8b38f9a4d",
                "sha256:c3d99ba99007dab8233f635c32b5cd24fb1df8d64e17bc7df136cedbea427897",
                "sha256:ca8a5ff2aa7f3ade6c498aaafce25b1eaeabe4e42b73e25519183e4566a16fc6",
                "sha256:cb0d3e94c2a84215532d9bcf10229476ffd3b08f481c53754113b794afb62d14",
                "sha256:d1b09ba72e4e6d341bb5bdd3564f1cea6095d4c3632e45dc69375a1dbe4e26ec",
                "sha256:d32b5ffef6c5bcb452723a496bad2d4c52b346240c59b3e6dba279f6dcc06c14",
                "sha256:d3793dcf5bc4d74ae1e9db15121250c2da476e1af8e45a1d9a52b1513a393459",
                "sha256:dd81466bdbc82b060c3c110b2937ab65ace41dfa7b18681fdfad2f37f27acdd7",
                "sha256:e4e571af672e1bb710b3cc1a9794b55bce1eae5aed41a608c0401885e3491179",
                "sha256:ea8186be85da6587456c9ddc7bf480ebad1a0e6dcbad3967c4821233a4d4df57",
                "sha256:eefebcc5c555803065128401a1e224a64607259b5eb907021bf9b175f315d2a6"
            ],
            "markers": "python_version >= '3.7'",
            "version": "==2.0.20"
        },
        "tableschema": {
            "hashes": [
                "sha256:676948747ec8964c6e27e12ce45e203201191bb7e81a26f2eb09a1fdbe130d5c",
                "sha256:cfa3b0aa1c0941002384c6288794f9488cb5ea9188cf84ac700d17758cb036e7"
            ],
            "version": "==1.20.2"
        },
        "tabulator": {
            "hashes": [
                "sha256:0e2887d0b36483a292e75b118d7f03e710c1337435553b5f62d2a7a891b7fe55",
                "sha256:6de83026f9dc8ac34dbc9e60cced1785ed2f4022ae0250eeaa59e92b5090f477"
            ],
            "version": "==1.53.5"
        },
        "toml": {
            "hashes": [
                "sha256:806143ae5bfb6a3c6e736a764057db0e6a0e05e338b5630894a5f779cabb4f9b",
                "sha256:b3bda1d108d5dd99f4a20d24d9c348e91c4db7ab1b749200bded2f839ccbe68f"
            ],
            "markers": "python_version >= '2.6' and python_version not in '3.0, 3.1, 3.2, 3.3'",
            "version": "==0.10.2"
        },
        "typing-extensions": {
            "hashes": [
                "sha256:440d5dd3af93b060174bf433bccd69b0babc3b15b1a8dca43789fd7f61514b36",
                "sha256:b75ddc264f0ba5615db7ba217daeb99701ad295353c45f9e95963337ceeeffb2"
            ],
            "markers": "python_version >= '3.7'",
            "version": "==4.7.1"
        },
        "unicodecsv": {
            "hashes": [
                "sha256:018c08037d48649a0412063ff4eda26eaa81eff1546dbffa51fa5293276ff7fc"
            ],
            "version": "==0.14.1"
        },
        "urllib3": {
            "hashes": [
                "sha256:8d36afa7616d8ab714608411b4a3b13e58f463aee519024578e062e141dce20f",
                "sha256:8f135f6502756bde6b2a9b28989df5fbe87c9970cecaa69041edcce7f0589b14"
            ],
            "markers": "python_version >= '2.7' and python_version not in '3.0, 3.1, 3.2, 3.3, 3.4, 3.5'",
            "version": "==1.26.16"
        },
        "xlrd": {
            "hashes": [
                "sha256:6a33ee89877bd9abc1158129f6e94be74e2679636b8a205b43b85206c3f0bbdd",
                "sha256:f72f148f54442c6b056bf931dbc34f986fd0c3b0b6b5a58d013c9aef274d0c88"
            ],
            "markers": "python_version >= '2.7' and python_version not in '3.0, 3.1, 3.2, 3.3, 3.4, 3.5'",
            "version": "==2.0.1"
        }
    }
}
