{
    "_meta": {
        "hash": {
            "sha256": "fc5df540224e5b9b7ba706c61d192d9a4a469f253f625eaae797fcd476792871"
        },
        "pipfile-spec": 6,
        "requires": {
            "python_version": "3.9"
        },
        "sources": [
            {
                "name": "pypi",
                "url": "https://pypi.python.org/simple",
                "verify_ssl": true
            }
        ]
    },
    "default": {},
    "develop": {
        "attrs": {
            "hashes": [
                "sha256:149e90d6d8ac20db7a955ad60cf0e6881a3f20d37096140088356da6c716b0b1",
                "sha256:ef6aaac3ca6cd92904cdd0d83f629a15f18053ec84e6432106f7a4d04ae4f5fb"
            ],
            "markers": "python_version >= '2.7' and python_version not in '3.0, 3.1, 3.2, 3.3, 3.4'",
            "version": "==21.2.0"
        },
        "boto3": {
            "hashes": [
                "sha256:1a2908d2829268f1b2355bad3a96bfdc8e41523629b5d958bcedfc35d2d232dd",
                "sha256:e520655c9caf2f21853644d88b59b1c32bc44ccd58b20574883b25eb6256d938"
            ],
            "markers": "python_version >= '3.6'",
            "version": "==1.18.49"
        },
        "botocore": {
            "hashes": [
                "sha256:0161c3b64e34315928aae7fdbce49e684c9c2cfad2435cb22023b7ad87306f12",
                "sha256:eab89183f7d94cabacde79a266060bb9429249e33a39b7ba4c1b15c965095477"
            ],
            "markers": "python_version >= '3.6'",
            "version": "==1.21.49"
        },
        "cached-property": {
            "hashes": [
                "sha256:9fa5755838eecbb2d234c3aa390bd80fbd3ac6b6869109bfc1b499f7bd89a130",
                "sha256:df4f613cf7ad9a588cc381aaf4a512d26265ecebd5eb9e1ba12f1319eb85a6a0"
            ],
            "version": "==1.5.2"
        },
        "certifi": {
            "hashes": [
                "sha256:2bbf76fd432960138b3ef6dda3dde0544f27cbf8546c458e60baf371917ba9ee",
                "sha256:50b1e4f8446b06f41be7dd6338db18e0990601dce795c2b1686458aa7e8fa7d8"
            ],
            "version": "==2021.5.30"
        },
        "chardet": {
            "hashes": [
                "sha256:0d6f53a15db4120f2b08c94f11e7d93d2c911ee118b6b30a04ec3ee8310179fa",
                "sha256:f864054d66fd9118f2e67044ac8981a54775ec5b67aed0441892edb553d21da5"
            ],
            "markers": "python_version >= '2.7' and python_version not in '3.0, 3.1, 3.2, 3.3, 3.4'",
            "version": "==4.0.0"
        },
        "charset-normalizer": {
            "hashes": [
                "sha256:5d209c0a931f215cee683b6445e2d77677e7e75e159f78def0db09d68fafcaa6",
                "sha256:5ec46d183433dcbd0ab716f2d7f29d8dee50505b3fdb40c6b985c7c4f5a3591f"
            ],
            "markers": "python_version >= '3'",
            "version": "==2.0.6"
        },
        "click": {
            "hashes": [
                "sha256:8c04c11192119b1ef78ea049e0a6f0463e4c48ef00a30160c704337586f3ad7a",
                "sha256:fba402a4a47334742d782209a7c79bc448911afe1149d07bdabdf480b3e2f4b6"
            ],
            "markers": "python_version >= '3.6'",
            "version": "==8.0.1"
        },
        "datapackage": {
            "hashes": [
                "sha256:1e91a18c866914dea0acfe2aec785e6ec583c33766b0682c740b30bb7de88c58",
                "sha256:5d429d566482ddb5e2424a4f6ac80782340fd2eb707595d601511d077d6caaba"
            ],
            "index": "pypi",
            "version": "==1.15.2"
        },
        "et-xmlfile": {
            "hashes": [
                "sha256:8eb9e2bc2f8c97e37a2dc85a09ecdcdec9d8a396530a6d5a33b30b9a92da0c5c",
                "sha256:a2ba85d1d6a74ef63837eed693bcb89c3f752169b0e3e7ae5b16ca5e1b3deada"
            ],
            "markers": "python_version >= '3.6'",
            "version": "==1.1.0"
        },
        "greenlet": {
            "hashes": [
                "sha256:04e1849c88aa56584d4a0a6e36af5ec7cc37993fdc1fda72b56aa1394a92ded3",
                "sha256:05e72db813c28906cdc59bd0da7c325d9b82aa0b0543014059c34c8c4ad20e16",
                "sha256:07e6d88242e09b399682b39f8dfa1e7e6eca66b305de1ff74ed9eb1a7d8e539c",
                "sha256:090126004c8ab9cd0787e2acf63d79e80ab41a18f57d6448225bbfcba475034f",
                "sha256:1796f2c283faab2b71c67e9b9aefb3f201fdfbee5cb55001f5ffce9125f63a45",
                "sha256:2f89d74b4f423e756a018832cd7a0a571e0a31b9ca59323b77ce5f15a437629b",
                "sha256:34e6675167a238bede724ee60fe0550709e95adaff6a36bcc97006c365290384",
                "sha256:3e594015a2349ec6dcceda9aca29da8dc89e85b56825b7d1f138a3f6bb79dd4c",
                "sha256:3f8fc59bc5d64fa41f58b0029794f474223693fd00016b29f4e176b3ee2cfd9f",
                "sha256:3fc6a447735749d651d8919da49aab03c434a300e9f0af1c886d560405840fd1",
                "sha256:40abb7fec4f6294225d2b5464bb6d9552050ded14a7516588d6f010e7e366dcc",
                "sha256:44556302c0ab376e37939fd0058e1f0db2e769580d340fb03b01678d1ff25f68",
                "sha256:476ba9435afaead4382fbab8f1882f75e3fb2285c35c9285abb3dd30237f9142",
                "sha256:4870b018ca685ff573edd56b93f00a122f279640732bb52ce3a62b73ee5c4a92",
                "sha256:4adaf53ace289ced90797d92d767d37e7cdc29f13bd3830c3f0a561277a4ae83",
                "sha256:4eae94de9924bbb4d24960185363e614b1b62ff797c23dc3c8a7c75bbb8d187e",
                "sha256:5317701c7ce167205c0569c10abc4bd01c7f4cf93f642c39f2ce975fa9b78a3c",
                "sha256:5c3b735ccf8fc8048664ee415f8af5a3a018cc92010a0d7195395059b4b39b7d",
                "sha256:5cde7ee190196cbdc078511f4df0be367af85636b84d8be32230f4871b960687",
                "sha256:655ab836324a473d4cd8cf231a2d6f283ed71ed77037679da554e38e606a7117",
                "sha256:6ce9d0784c3c79f3e5c5c9c9517bbb6c7e8aa12372a5ea95197b8a99402aa0e6",
                "sha256:6e0696525500bc8aa12eae654095d2260db4dc95d5c35af2b486eae1bf914ccd",
                "sha256:75ff270fd05125dce3303e9216ccddc541a9e072d4fc764a9276d44dee87242b",
                "sha256:8039f5fe8030c43cd1732d9a234fdcbf4916fcc32e21745ca62e75023e4d4649",
                "sha256:84488516639c3c5e5c0e52f311fff94ebc45b56788c2a3bfe9cf8e75670f4de3",
                "sha256:84782c80a433d87530ae3f4b9ed58d4a57317d9918dfcc6a59115fa2d8731f2c",
                "sha256:8ddb38fb6ad96c2ef7468ff73ba5c6876b63b664eebb2c919c224261ae5e8378",
                "sha256:98b491976ed656be9445b79bc57ed21decf08a01aaaf5fdabf07c98c108111f6",
                "sha256:990e0f5e64bcbc6bdbd03774ecb72496224d13b664aa03afd1f9b171a3269272",
                "sha256:9b02e6039eafd75e029d8c58b7b1f3e450ca563ef1fe21c7e3e40b9936c8d03e",
                "sha256:a11b6199a0b9dc868990456a2667167d0ba096c5224f6258e452bfbe5a9742c5",
                "sha256:a414f8e14aa7bacfe1578f17c11d977e637d25383b6210587c29210af995ef04",
                "sha256:a91ee268f059583176c2c8b012a9fce7e49ca6b333a12bbc2dd01fc1a9783885",
                "sha256:ac991947ca6533ada4ce7095f0e28fe25d5b2f3266ad5b983ed4201e61596acf",
                "sha256:b050dbb96216db273b56f0e5960959c2b4cb679fe1e58a0c3906fa0a60c00662",
                "sha256:b97a807437b81f90f85022a9dcfd527deea38368a3979ccb49d93c9198b2c722",
                "sha256:bad269e442f1b7ffa3fa8820b3c3aa66f02a9f9455b5ba2db5a6f9eea96f56de",
                "sha256:bf3725d79b1ceb19e83fb1aed44095518c0fcff88fba06a76c0891cfd1f36837",
                "sha256:c0f22774cd8294078bdf7392ac73cf00bfa1e5e0ed644bd064fdabc5f2a2f481",
                "sha256:c1862f9f1031b1dee3ff00f1027fcd098ffc82120f43041fe67804b464bbd8a7",
                "sha256:c8d4ed48eed7414ccb2aaaecbc733ed2a84c299714eae3f0f48db085342d5629",
                "sha256:cf31e894dabb077a35bbe6963285d4515a387ff657bd25b0530c7168e48f167f",
                "sha256:d15cb6f8706678dc47fb4e4f8b339937b04eda48a0af1cca95f180db552e7663",
                "sha256:dfcb5a4056e161307d103bc013478892cfd919f1262c2bb8703220adcb986362",
                "sha256:e02780da03f84a671bb4205c5968c120f18df081236d7b5462b380fd4f0b497b",
                "sha256:e2002a59453858c7f3404690ae80f10c924a39f45f6095f18a985a1234c37334",
                "sha256:e22a82d2b416d9227a500c6860cf13e74060cf10e7daf6695cbf4e6a94e0eee4",
                "sha256:e41f72f225192d5d4df81dad2974a8943b0f2d664a2a5cfccdf5a01506f5523c",
                "sha256:f253dad38605486a4590f9368ecbace95865fea0f2b66615d121ac91fd1a1563",
                "sha256:fddfb31aa2ac550b938d952bca8a87f1db0f8dc930ffa14ce05b5c08d27e7fd1"
            ],
            "markers": "python_version >= '3' and (platform_machine == 'aarch64' or (platform_machine == 'ppc64le' or (platform_machine == 'x86_64' or (platform_machine == 'amd64' or (platform_machine == 'AMD64' or (platform_machine == 'win32' or platform_machine == 'WIN32'))))))",
            "version": "==1.1.1"
        },
        "idna": {
            "hashes": [
                "sha256:14475042e284991034cb48e06f6851428fb14c4dc953acd9be9a5e95c7b6dd7a",
                "sha256:467fbad99067910785144ce333826c71fb0e63a425657295239737f7ecd125f3"
            ],
            "markers": "python_version >= '3'",
            "version": "==3.2"
        },
        "ijson": {
            "hashes": [
                "sha256:068c692efba9692406b86736dcc6803e4a0b6280d7f0b7534bff3faec677ff38",
                "sha256:09c9d7913c88a6059cd054ff854958f34d757402b639cf212ffbec201a705a0d",
                "sha256:13f80aad0b84d100fb6a88ced24bade21dc6ddeaf2bba3294b58728463194f50",
                "sha256:15507de59d74d21501b2a076d9c49abf927eb58a51a01b8f28a0a0565db0a99f",
                "sha256:15d5356b4d090c699f382c8eb6a2bcd5992a8c8e8b88c88bc6e54f686018328a",
                "sha256:179ed6fd42e121d252b43a18833df2de08378fac7bce380974ef6f5e522afefa",
                "sha256:1d1003ae3c6115ec9b587d29dd136860a81a23c7626b682e2b5b12c9fd30e4ea",
                "sha256:24b58933bf777d03dc1caa3006112ec7f9e6f6db6ffe1f5f5bd233cb1281f719",
                "sha256:252defd1f139b5fb8c764d78d5e3a6df81543d9878c58992a89b261369ea97a7",
                "sha256:26a6a550b270df04e3f442e2bf0870c9362db4912f0e7bdfd300f30ea43115a2",
                "sha256:2844d4a38d27583897ed73f7946e205b16926b4cab2525d1ce17e8b08064c706",
                "sha256:28fc168f5faf5759fdfa2a63f85f1f7a148bbae98f34404a6ba19f3d08e89e87",
                "sha256:297f26f27a04cd0d0a2f865d154090c48ea11b239cabe0a17a6c65f0314bd1ca",
                "sha256:2a64c66a08f56ed45a805691c2fd2e1caef00edd6ccf4c4e5eff02cd94ad8364",
                "sha256:2e6bd6ad95ab40c858592b905e2bbb4fe79bbff415b69a4923dafe841ffadcb4",
                "sha256:339b2b4c7bbd64849dd69ef94ee21e29dcd92c831f47a281fdd48122bb2a715a",
                "sha256:387c2ec434cc1bc7dc9bd33ec0b70d95d443cc1e5934005f26addc2284a437ab",
                "sha256:3997a2fdb28bc04b9ab0555db5f3b33ed28d91e9d42a3bf2c1842d4990beb158",
                "sha256:3b98861a4280cf09d267986cefa46c3bd80af887eae02aba07488d80eb798afa",
                "sha256:3bb461352c0f0f2ec460a4b19400a665b8a5a3a2da663a32093df1699642ee3f",
                "sha256:3d10eee52428f43f7da28763bb79f3d90bbbeea1accb15de01e40a00885b6e89",
                "sha256:41e5886ff6fade26f10b87edad723d2db14dcbb1178717790993fcbbb8ccd333",
                "sha256:446ef8980504da0af8d20d3cb6452c4dc3d8aa5fd788098985e899b913191fe6",
                "sha256:454918f908abbed3c50a0a05c14b20658ab711b155e4f890900e6f60746dd7cc",
                "sha256:475fc25c3d2a86230b85777cae9580398b42eed422506bf0b6aacfa936f7bfcd",
                "sha256:4c53cc72f79a4c32d5fc22efb85aa22f248e8f4f992707a84bdc896cc0b1ecf9",
                "sha256:5a2f40c053c837591636dc1afb79d85e90b9a9d65f3d9963aae31d1eb11bfed2",
                "sha256:5b725f2e984ce70d464b195f206fa44bebbd744da24139b61fec72de77c03a16",
                "sha256:5d7e3fcc3b6de76a9dba1e9fc6ca23dad18f0fa6b4e6499415e16b684b2e9af1",
                "sha256:667841591521158770adc90793c2bdbb47c94fe28888cb802104b8bbd61f3d51",
                "sha256:6774ec0a39647eea70d35fb76accabe3d71002a8701c0545b9120230c182b75b",
                "sha256:68e295bb12610d086990cedc89fb8b59b7c85740d66e9515aed062649605d0bf",
                "sha256:6bf2b64304321705d03fa5e403ec3f36fa5bb27bf661849ad62e0a3a49bc23e3",
                "sha256:6c1a777096be5f75ffebb335c6d2ebc0e489b231496b7f2ca903aa061fe7d381",
                "sha256:702ba9a732116d659a5e950ee176be6a2e075998ef1bcde11cbf79a77ed0f717",
                "sha256:70ee3c8fa0eba18c80c5911639c01a8de4089a4361bad2862a9949e25ec9b1c8",
                "sha256:81cc8cee590c8a70cca3c9aefae06dd7cb8e9f75f3a7dc12b340c2e332d33a2a",
                "sha256:86884ac06ac69cea6d89ab7b84683b3b4159c4013e4a20276d3fc630fe9b7588",
                "sha256:9239973100338a4138d09d7a4602bd289861e553d597cd67390c33bfc452253e",
                "sha256:93455902fdc33ba9485c7fae63ac95d96e0ab8942224a357113174bbeaff92e9",
                "sha256:9348e7d507eb40b52b12eecff3d50934fcc3d2a15a2f54ec1127a36063b9ba8f",
                "sha256:97e4df67235fae40d6195711223520d2c5bf1f7f5087c2963fcde44d72ebf448",
                "sha256:9a5bf5b9d8f2ceaca131ee21fc7875d0f34b95762f4f32e4d65109ca46472147",
                "sha256:a5965c315fbb2dc9769dfdf046eb07daf48ae20b637da95ec8d62b629be09df4",
                "sha256:a72eb0359ebff94754f7a2f00a6efe4c57716f860fc040c606dedcb40f49f233",
                "sha256:ac9098470c1ff6e5c23ec0946818bc102bfeeeea474554c8d081dc934be20988",
                "sha256:b8ee7dbb07cec9ba29d60cfe4954b3cc70adb5f85bba1f72225364b59c1cf82b",
                "sha256:c4c1bf98aaab4c8f60d238edf9bcd07c896cfcc51c2ca84d03da22aad88957c5",
                "sha256:d17fd199f0d0a4ab6e0d541b4eec1b68b5bd5bb5d8104521e22243015b51049b",
                "sha256:d9e01c55d501e9c3d686b6ee3af351c9c0c8c3e45c5576bd5601bee3e1300b09",
                "sha256:dcd6f04df44b1945b859318010234651317db2c4232f75e3933f8bb41c4fa055",
                "sha256:df641dd07b38c63eecd4f454db7b27aa5201193df160f06b48111ba97ab62504",
                "sha256:ee13ceeed9b6cf81b3b8197ef15595fc43fd54276842ed63840ddd49db0603da",
                "sha256:f0f2a87c423e8767368aa055310024fa28727f4454463714fef22230c9717f64",
                "sha256:f11da15ec04cc83ff0f817a65a3392e169be8d111ba81f24d6e09236597bb28c",
                "sha256:f50337e3b8e72ec68441b573c2848f108a8976a57465c859b227ebd2a2342901",
                "sha256:f587699b5a759e30accf733e37950cc06c4118b72e3e146edcea77dded467426",
                "sha256:f91c75edd6cf1a66f02425bafc59a22ec29bc0adcbc06f4bfd694d92f424ceb3",
                "sha256:fa10a1d88473303ec97aae23169d77c5b92657b7fb189f9c584974c00a79f383",
                "sha256:fa9a25d0bd32f9515e18a3611690f1de12cb7d1320bd93e9da835936b41ad3ff",
                "sha256:ff8cf7507d9d8939264068c2cff0a23f99703fa2f31eb3cb45a9a52798843586"
            ],
            "version": "==3.1.4"
        },
        "iniconfig": {
            "hashes": [
                "sha256:011e24c64b7f47f6ebd835bb12a743f2fbe9a26d4cecaa7f53bc4f35ee9da8b3",
                "sha256:bc3af051d7d14b2ee5ef9969666def0cd1a000e121eaea580d4a313df4b37f32"
            ],
            "version": "==1.1.1"
        },
        "isodate": {
            "hashes": [
                "sha256:2e364a3d5759479cdb2d37cce6b9376ea504db2ff90252a2e5b7cc89cc9ff2d8",
                "sha256:aa4d33c06640f5352aca96e4b81afd8ab3b47337cc12089822d6f322ac772c81"
            ],
            "version": "==0.6.0"
        },
        "jmespath": {
            "hashes": [
                "sha256:b85d0567b8666149a93172712e68920734333c0ce7e89b78b3e987f71e5ed4f9",
                "sha256:cdf6525904cc597730141d61b36f2e4b8ecc257c420fa2f4549bac2c2d0cb72f"
            ],
            "markers": "python_version >= '2.6' and python_version not in '3.0, 3.1, 3.2'",
            "version": "==0.10.0"
        },
        "jsonlines": {
            "hashes": [
                "sha256:6fdd03104c9a421a1ba587a121aaac743bf02d8f87fa9cdaa3b852249a241fe8",
                "sha256:bfb043d4e25fd894dca67b1f2adf014e493cb65d0f18b3a74a98bfcd97c3d983"
            ],
            "markers": "python_version >= '3.6'",
            "version": "==2.0.0"
        },
        "jsonpointer": {
            "hashes": [
                "sha256:150f80c5badd02c757da6644852f612f88e8b4bc2f9852dcbf557c8738919686",
                "sha256:5a34b698db1eb79ceac454159d3f7c12a451a91f6334a4f638454327b7a89962"
            ],
            "markers": "python_version >= '2.7' and python_version not in '3.0, 3.1, 3.2, 3.3'",
            "version": "==2.1"
        },
        "jsonschema": {
            "hashes": [
                "sha256:4e5b3cf8216f577bee9ce139cbe72eca3ea4f292ec60928ff24758ce626cd163",
                "sha256:c8a85b28d377cc7737e46e2d9f2b4f44ee3c0e1deac6bf46ddefc7187d30797a"
            ],
            "version": "==3.2.0"
        },
        "linear-tsv": {
            "hashes": [
                "sha256:b504d78f4075615ae75de86a16e5680701a441fc84da2a2cf9f94351ab1ccbf5"
            ],
            "version": "==1.1.0"
        },
        "openpyxl": {
            "hashes": [
                "sha256:40f568b9829bf9e446acfffce30250ac1fa39035124d55fc024025c41481c90f",
                "sha256:8f3b11bd896a95468a4ab162fc4fcd260d46157155d1f8bfaabb99d88cfcf79f"
            ],
            "markers": "python_version >= '3.6'",
            "version": "==3.0.9"
        },
        "packaging": {
            "hashes": [
                "sha256:7dc96269f53a4ccec5c0670940a4281106dd0bb343f47b7471f779df49c2fbe7",
                "sha256:c86254f9220d55e31cc94d69bade760f0847da8000def4dfe1c6b872fd14ff14"
            ],
            "markers": "python_version >= '3.6'",
            "version": "==21.0"
        },
        "pluggy": {
            "hashes": [
                "sha256:4224373bacce55f955a878bf9cfa763c1e360858e330072059e10bad68531159",
                "sha256:74134bbf457f031a36d68416e1509f34bd5ccc019f0bcc952c7b909d06b37bd3"
            ],
            "markers": "python_version >= '3.6'",
            "version": "==1.0.0"
        },
        "py": {
            "hashes": [
                "sha256:21b81bda15b66ef5e1a777a21c4dcd9c20ad3efd0b3f817e7a809035269e1bd3",
                "sha256:3b80836aa6d1feeaa108e046da6423ab8f6ceda6468545ae8d02d9d58d18818a"
            ],
            "markers": "python_version >= '2.7' and python_version not in '3.0, 3.1, 3.2, 3.3'",
            "version": "==1.10.0"
        },
        "pyparsing": {
            "hashes": [
                "sha256:c203ec8783bf771a155b207279b9bccb8dea02d8f0c9e5f8ead507bc3246ecc1",
                "sha256:ef9d7589ef3c200abe66653d3f1ab1033c3c419ae9b9bdb1240a85b024efc88b"
            ],
            "markers": "python_version >= '2.6' and python_version not in '3.0, 3.1, 3.2'",
            "version": "==2.4.7"
        },
        "pyrsistent": {
            "hashes": [
                "sha256:097b96f129dd36a8c9e33594e7ebb151b1515eb52cceb08474c10a5479e799f2",
                "sha256:2aaf19dc8ce517a8653746d98e962ef480ff34b6bc563fc067be6401ffb457c7",
                "sha256:404e1f1d254d314d55adb8d87f4f465c8693d6f902f67eb6ef5b4526dc58e6ea",
                "sha256:48578680353f41dca1ca3dc48629fb77dfc745128b56fc01096b2530c13fd426",
                "sha256:4916c10896721e472ee12c95cdc2891ce5890898d2f9907b1b4ae0f53588b710",
                "sha256:527be2bfa8dc80f6f8ddd65242ba476a6c4fb4e3aedbf281dfbac1b1ed4165b1",
                "sha256:58a70d93fb79dc585b21f9d72487b929a6fe58da0754fa4cb9f279bb92369396",
                "sha256:5e4395bbf841693eaebaa5bb5c8f5cdbb1d139e07c975c682ec4e4f8126e03d2",
                "sha256:6b5eed00e597b5b5773b4ca30bd48a5774ef1e96f2a45d105db5b4ebb4bca680",
                "sha256:73ff61b1411e3fb0ba144b8f08d6749749775fe89688093e1efef9839d2dcc35",
                "sha256:772e94c2c6864f2cd2ffbe58bb3bdefbe2a32afa0acb1a77e472aac831f83427",
                "sha256:773c781216f8c2900b42a7b638d5b517bb134ae1acbebe4d1e8f1f41ea60eb4b",
                "sha256:a0c772d791c38bbc77be659af29bb14c38ced151433592e326361610250c605b",
                "sha256:b29b869cf58412ca5738d23691e96d8aff535e17390128a1a52717c9a109da4f",
                "sha256:c1a9ff320fa699337e05edcaae79ef8c2880b52720bc031b219e5b5008ebbdef",
                "sha256:cd3caef37a415fd0dae6148a1b6957a8c5f275a62cca02e18474608cb263640c",
                "sha256:d5ec194c9c573aafaceebf05fc400656722793dac57f254cd4741f3c27ae57b4",
                "sha256:da6e5e818d18459fa46fac0a4a4e543507fe1110e808101277c5a2b5bab0cd2d",
                "sha256:e79d94ca58fcafef6395f6352383fa1a76922268fa02caa2272fff501c2fdc78",
                "sha256:f3ef98d7b76da5eb19c37fda834d50262ff9167c65658d1d8f974d2e4d90676b",
                "sha256:f4c8cabb46ff8e5d61f56a037974228e978f26bfefce4f61a4b1ac0ba7a2ab72"
            ],
            "markers": "python_version >= '3.6'",
            "version": "==0.18.0"
        },
        "pytest": {
            "hashes": [
                "sha256:131b36680866a76e6781d13f101efb86cf674ebb9762eb70d3082b6f29889e89",
                "sha256:7310f8d27bc79ced999e760ca304d69f6ba6c6649c0b60fb0e04a4a77cacc134"
            ],
            "index": "pypi",
            "version": "==6.2.5"
        },
        "python-dateutil": {
            "hashes": [
                "sha256:0123cacc1627ae19ddf3c27a5de5bd67ee4586fbdd6440d9748f8abb483d3e86",
                "sha256:961d03dc3453ebbc59dbdea9e4e11c5651520a876d0f4db161e8674aae935da9"
            ],
            "markers": "python_version >= '2.7' and python_version not in '3.0, 3.1, 3.2'",
            "version": "==2.8.2"
        },
        "requests": {
            "hashes": [
                "sha256:6c1246513ecd5ecd4528a0906f910e8f0f9c6b8ec72030dc9fd154dc1a6efd24",
                "sha256:b8aa58f8cf793ffd8782d3d8cb19e66ef36f7aba4353eec859e74678b01b07a7"
            ],
            "markers": "python_version >= '2.7' and python_version not in '3.0, 3.1, 3.2, 3.3, 3.4, 3.5'",
            "version": "==2.26.0"
        },
        "rfc3986": {
            "hashes": [
                "sha256:270aaf10d87d0d4e095063c65bf3ddbc6ee3d0b226328ce21e036f946e421835",
                "sha256:a86d6e1f5b1dc238b218b012df0aa79409667bb209e58da56d0b94704e712a97"
            ],
            "version": "==1.5.0"
        },
        "s3transfer": {
            "hashes": [
                "sha256:50ed823e1dc5868ad40c8dc92072f757aa0e653a192845c94a3b676f4a62da4c",
                "sha256:9c1dc369814391a6bda20ebbf4b70a0f34630592c9aa520856bf384916af2803"
            ],
            "markers": "python_version >= '3.6'",
            "version": "==0.5.0"
        },
        "six": {
            "hashes": [
                "sha256:1e61c37477a1626458e36f7b1d82aa5c9b094fa4802892072e49de9c60c4c926",
                "sha256:8abb2f1d86890a2dfb989f9a77cfcfd3e47c2a354b01111771326f8aa26e0254"
            ],
            "markers": "python_version >= '2.7' and python_version not in '3.0, 3.1, 3.2'",
            "version": "==1.16.0"
        },
        "sqlalchemy": {
            "hashes": [
                "sha256:0566a6e90951590c0307c75f9176597c88ef4be2724958ca1d28e8ae05ec8822",
                "sha256:08d9396a2a38e672133266b31ed39b2b1f2b5ec712b5bff5e08033970563316a",
                "sha256:0b08a53e40b34205acfeb5328b832f44437956d673a6c09fce55c66ab0e54916",
                "sha256:16ef07e102d2d4f974ba9b0d4ac46345a411ad20ad988b3654d59ff08e553b1c",
                "sha256:1adf3d25e2e33afbcd48cfad8076f9378793be43e7fec3e4334306cac6bec138",
                "sha256:1b38db2417b9f7005d6ceba7ce2a526bf10e3f6f635c0f163e6ed6a42b5b62b2",
                "sha256:1ebd69365717becaa1b618220a3df97f7c08aa68e759491de516d1c3667bba54",
                "sha256:26b0cd2d5c7ea96d3230cb20acac3d89de3b593339c1447b4d64bfcf4eac1110",
                "sha256:2ed67aae8cde4d32aacbdba4f7f38183d14443b714498eada5e5a7a37769c0b7",
                "sha256:33a1e86abad782e90976de36150d910748b58e02cd7d35680d441f9a76806c18",
                "sha256:41a916d815a3a23cb7fff8d11ad0c9b93369ac074e91e428075e088fe57d5358",
                "sha256:6003771ea597346ab1e97f2f58405c6cacbf6a308af3d28a9201a643c0ac7bb3",
                "sha256:6400b22e4e41cc27623a9a75630b7719579cd9a3a2027bcf16ad5aaa9a7806c0",
                "sha256:6b602e3351f59f3999e9fb8b87e5b95cb2faab6a6ecdb482382ac6fdfbee5266",
                "sha256:75cd5d48389a7635393ff5a9214b90695c06b3d74912109c3b00ce7392b69c6c",
                "sha256:7ad59e2e16578b6c1a2873e4888134112365605b08a6067dd91e899e026efa1c",
                "sha256:7b7778a205f956755e05721eebf9f11a6ac18b2409bff5db53ce5fe7ede79831",
                "sha256:842c49dd584aedd75c2ee05f6c950730c3ffcddd21c5824ed0f820808387e1e3",
                "sha256:90fe429285b171bcc252e21515703bdc2a4721008d1f13aa5b7150336f8a8493",
                "sha256:91cd87d1de0111eaca11ccc3d31af441c753fa2bc22df72e5009cfb0a1af5b03",
                "sha256:9a1df8c93a0dd9cef0839917f0c6c49f46c75810cf8852be49884da4a7de3c59",
                "sha256:9ebe49c3960aa2219292ea2e5df6acdc425fc828f2f3d50b4cfae1692bcb5f02",
                "sha256:a28fe28c359835f3be20c89efd517b35e8f97dbb2ca09c6cf0d9ac07f62d7ef6",
                "sha256:a36ea43919e51b0de0c0bc52bcfdad7683f6ea9fb81b340cdabb9df0e045e0f7",
                "sha256:a505ecc0642f52e7c65afb02cc6181377d833b7df0994ecde15943b18d0fa89c",
                "sha256:a79abdb404d9256afb8aeaa0d3a4bc7d3b6d8b66103d8b0f2f91febd3909976e",
                "sha256:c211e8ec81522ce87b0b39f0cf0712c998d4305a030459a0e115a2b3dc71598f",
                "sha256:dd4ed12a775f2cde4519f4267d3601990a97d8ecde5c944ab06bfd6e8e8ea177",
                "sha256:e37621b37c73b034997b5116678862f38ee70e5a054821c7b19d0e55df270dec",
                "sha256:e93978993a2ad0af43f132be3ea8805f56b2f2cd223403ec28d3e7d5c6d39ed1"
            ],
            "markers": "python_version >= '2.7' and python_version not in '3.0, 3.1, 3.2, 3.3, 3.4, 3.5'",
            "version": "==1.4.25"
        },
        "tableschema": {
            "hashes": [
                "sha256:676948747ec8964c6e27e12ce45e203201191bb7e81a26f2eb09a1fdbe130d5c",
                "sha256:cfa3b0aa1c0941002384c6288794f9488cb5ea9188cf84ac700d17758cb036e7"
            ],
            "version": "==1.20.2"
        },
        "tabulator": {
            "hashes": [
                "sha256:0e2887d0b36483a292e75b118d7f03e710c1337435553b5f62d2a7a891b7fe55",
                "sha256:6de83026f9dc8ac34dbc9e60cced1785ed2f4022ae0250eeaa59e92b5090f477"
            ],
            "version": "==1.53.5"
        },
        "toml": {
            "hashes": [
                "sha256:806143ae5bfb6a3c6e736a764057db0e6a0e05e338b5630894a5f779cabb4f9b",
                "sha256:b3bda1d108d5dd99f4a20d24d9c348e91c4db7ab1b749200bded2f839ccbe68f"
            ],
            "markers": "python_version >= '2.6' and python_version not in '3.0, 3.1, 3.2'",
            "version": "==0.10.2"
        },
        "unicodecsv": {
            "hashes": [
                "sha256:018c08037d48649a0412063ff4eda26eaa81eff1546dbffa51fa5293276ff7fc"
            ],
            "version": "==0.14.1"
        },
        "urllib3": {
            "hashes": [
                "sha256:4987c65554f7a2dbf30c18fd48778ef124af6fab771a377103da0585e2336ece",
                "sha256:c4fdf4019605b6e5423637e01bc9fe4daef873709a7973e195ceba0a62bbc844"
            ],
            "markers": "python_version >= '2.7' and python_version not in '3.0, 3.1, 3.2, 3.3, 3.4' and python_version < '4'",
            "version": "==1.26.7"
        },
        "xlrd": {
            "hashes": [
                "sha256:6a33ee89877bd9abc1158129f6e94be74e2679636b8a205b43b85206c3f0bbdd",
                "sha256:f72f148f54442c6b056bf931dbc34f986fd0c3b0b6b5a58d013c9aef274d0c88"
            ],
            "markers": "python_version >= '2.7' and python_version not in '3.0, 3.1, 3.2, 3.3, 3.4, 3.5'",
            "version": "==2.0.1"
        }
    }
}
